
Microsoft Visual Studio Solution File, Format Version 12.00
# Visual Studio Version 17
VisualStudioVersion = 17.0.32126.317
MinimumVisualStudioVersion = 10.0.40219.1
Project("{9A19103F-16F7-4668-BE54-9A1E7A4F7556}") = "TestApi", "TestApi\TestApi.csproj", "{8AAF3A90-FF9F-4E07-8757-E42B57930B45}"
EndProject
Project("{00D1A9C2-B5F0-4AF3-8072-F6C62B433612}") = "SQLTestDB", "SQLTestDB\SQLTestDB.sqlproj", "{AA1ED0C0-B415-4EA1-845B-A45794CA3D3B}"
EndProject
Global
	GlobalSection(SolutionConfigurationPlatforms) = preSolution
		Debug|Any CPU = Debug|Any CPU
		Release|Any CPU = Release|Any CPU
	EndGlobalSection
	GlobalSection(ProjectConfigurationPlatforms) = postSolution
		{8AAF3A90-FF9F-4E07-8757-E42B57930B45}.Debug|Any CPU.ActiveCfg = Debug|Any CPU
		{8AAF3A90-FF9F-4E07-8757-E42B57930B45}.Debug|Any CPU.Build.0 = Debug|Any CPU
		{8AAF3A90-FF9F-4E07-8757-E42B57930B45}.Release|Any CPU.ActiveCfg = Release|Any CPU
		{8AAF3A90-FF9F-4E07-8757-E42B57930B45}.Release|Any CPU.Build.0 = Release|Any CPU
		{AA1ED0C0-B415-4EA1-845B-A45794CA3D3B}.Debug|Any CPU.ActiveCfg = Debug|Any CPU
		{AA1ED0C0-B415-4EA1-845B-A45794CA3D3B}.Debug|Any CPU.Build.0 = Debug|Any CPU
		{AA1ED0C0-B415-4EA1-845B-A45794CA3D3B}.Debug|Any CPU.Deploy.0 = Debug|Any CPU
		{AA1ED0C0-B415-4EA1-845B-A45794CA3D3B}.Release|Any CPU.ActiveCfg = Release|Any CPU
		{AA1ED0C0-B415-4EA1-845B-A45794CA3D3B}.Release|Any CPU.Build.0 = Release|Any CPU
		{AA1ED0C0-B415-4EA1-845B-A45794CA3D3B}.Release|Any CPU.Deploy.0 = Release|Any CPU
	EndGlobalSection
	GlobalSection(SolutionProperties) = preSolution
		HideSolutionNode = FALSE
	EndGlobalSection
	GlobalSection(ExtensibilityGlobals) = postSolution
		SolutionGuid = {CE1D3A1D-2C44-443E-A9B9-67FB65512A76}
	EndGlobalSection
EndGlobal
